<?xml version="1.0" encoding="utf-8"?>
<Project ToolsVersion="4.0" xmlns="http://schemas.microsoft.com/developer/msbuild/2003">
  <ItemGroup>
    <Filter Include="源文件">
      <UniqueIdentifier>{4FC737F1-C7A5-4376-A066-2A32D752A2FF}</UniqueIdentifier>
      <Extensions>cpp;c;cc;cxx;def;odl;idl;hpj;bat;asm;asmx</Extensions>
    </Filter>
    <Filter Include="头文件">
      <UniqueIdentifier>{93995380-89BD-4b04-88EB-625FBE52EBFB}</UniqueIdentifier>
      <Extensions>h;hpp;hxx;hm;inl;inc;xsd</Extensions>
    </Filter>
    <Filter Include="资源文件">
      <UniqueIdentifier>{67DA6AB6-F800-4c08-8B7A-83BB121AAD01}</UniqueIdentifier>
      <Extensions>rc;ico;cur;bmp;dlg;rc2;rct;bin;rgs;gif;jpg;jpeg;jpe;resx;tiff;tif;png;wav</Extensions>
    </Filter>
  </ItemGroup>
  <ItemGroup>
    <ClCompile Include="CSTester.cpp">
      <Filter>源文件</Filter>
    </ClCompile>
    <ClCompile Include="CSTesterDlg.cpp">
      <Filter>源文件</Filter>
    </ClCompile>
    <ClCompile Include="DataBar.cpp">
      <Filter>源文件</Filter>
    </ClCompile>
    <ClCompile Include="DlgAgm.cpp">
      <Filter>源文件</Filter>
    </ClCompile>
    <ClCompile Include="DlgBom.cpp">
      <Filter>源文件</Filter>
    </ClCompile>
    <ClCompile Include="DlgCmd.cpp">
      <Filter>源文件</Filter>
    </ClCompile>
    <ClCompile Include="DlgConfirm.cpp">
      <Filter>源文件</Filter>
    </ClCompile>
    <ClCompile Include="DlgDebug.cpp">
      <Filter>源文件</Filter>
    </ClCompile>
    <ClCompile Include="DlgDec.cpp">
      <Filter>源文件</Filter>
    </ClCompile>
    <ClCompile Include="DlgDegrade.cpp">
      <Filter>源文件</Filter>
    </ClCompile>
    <ClCompile Include="DlgDescind.cpp">
      <Filter>源文件</Filter>
    </ClCompile>
    <ClCompile Include="DlgHarder.cpp">
      <Filter>源文件</Filter>
    </ClCompile>
    <ClCompile Include="DlgInc.cpp">
      <Filter>源文件</Filter>
    </ClCompile>
    <ClCompile Include="DlgLogin.cpp">
      <Filter>源文件</Filter>
    </ClCompile>
    <ClCompile Include="DlgNfs.cpp">
      <Filter>源文件</Filter>
    </ClCompile>
    <ClCompile Include="DlgOper.cpp">
      <Filter>源文件</Filter>
    </ClCompile>
    <ClCompile Include="DlgParam.cpp">
      <Filter>源文件</Filter>
    </ClCompile>
    <ClCompile Include="DlgPrice.cpp">
      <Filter>源文件</Filter>
    </ClCompile>
    <ClCompile Include="DlgRefund.cpp">
      <Filter>源文件</Filter>
    </ClCompile>
    <ClCompile Include="DlgRoot.cpp">
      <Filter>源文件</Filter>
    </ClCompile>
    <ClCompile Include="DlgSaleEx.cpp">
      <Filter>源文件</Filter>
    </ClCompile>
    <ClCompile Include="DlgSamAct.cpp">
      <Filter>源文件</Filter>
    </ClCompile>
    <ClCompile Include="DlgSjtSale.cpp">
      <Filter>源文件</Filter>
    </ClCompile>
    <ClCompile Include="DlgTcm.cpp">
      <Filter>源文件</Filter>
    </ClCompile>
    <ClCompile Include="DlgTvm.cpp">
      <Filter>源文件</Filter>
    </ClCompile>
    <ClCompile Include="DlgUpd.cpp">
      <Filter>源文件</Filter>
    </ClCompile>
    <ClCompile Include="GSFile.cpp">
      <Filter>源文件</Filter>
    </ClCompile>
    <ClCompile Include="HexEdit.cpp">
      <Filter>源文件</Filter>
    </ClCompile>
    <ClCompile Include="MpSocket.cpp">
      <Filter>源文件</Filter>
    </ClCompile>
    <ClCompile Include="PubFuncs.cpp">
      <Filter>源文件</Filter>
    </ClCompile>
    <ClCompile Include="Serial.cpp">
      <Filter>源文件</Filter>
    </ClCompile>
    <ClCompile Include="stdafx.cpp">
      <Filter>源文件</Filter>
    </ClCompile>
    <ClCompile Include="TradeFileConvert.cpp">
      <Filter>源文件</Filter>
    </ClCompile>
  </ItemGroup>
  <ItemGroup>
    <ClInclude Include="CSTester.h">
      <Filter>头文件</Filter>
    </ClInclude>
    <ClInclude Include="CSTesterDlg.h">
      <Filter>头文件</Filter>
    </ClInclude>
    <ClInclude Include="DataBar.h">
      <Filter>头文件</Filter>
    </ClInclude>
    <ClInclude Include="DlgAgm.h">
      <Filter>头文件</Filter>
    </ClInclude>
    <ClInclude Include="DlgBom.h">
      <Filter>头文件</Filter>
    </ClInclude>
    <ClInclude Include="DlgCmd.h">
      <Filter>头文件</Filter>
    </ClInclude>
    <ClInclude Include="DlgConfirm.h">
      <Filter>头文件</Filter>
    </ClInclude>
    <ClInclude Include="DlgDebug.h">
      <Filter>头文件</Filter>
    </ClInclude>
    <ClInclude Include="DlgDec.h">
      <Filter>头文件</Filter>
    </ClInclude>
    <ClInclude Include="DlgDegrade.h">
      <Filter>头文件</Filter>
    </ClInclude>
    <ClInclude Include="DlgDescind.h">
      <Filter>头文件</Filter>
    </ClInclude>
    <ClInclude Include="DlgHarder.h">
      <Filter>头文件</Filter>
    </ClInclude>
    <ClInclude Include="DlgInc.h">
      <Filter>头文件</Filter>
    </ClInclude>
    <ClInclude Include="DlgLogin.h">
      <Filter>头文件</Filter>
    </ClInclude>
    <ClInclude Include="DlgNfs.h">
      <Filter>头文件</Filter>
    </ClInclude>
    <ClInclude Include="DlgOper.h">
      <Filter>头文件</Filter>
    </ClInclude>
    <ClInclude Include="DlgParam.h">
      <Filter>头文件</Filter>
    </ClInclude>
    <ClInclude Include="DlgPrice.h">
      <Filter>头文件</Filter>
    </ClInclude>
    <ClInclude Include="DlgRefund.h">
      <Filter>头文件</Filter>
    </ClInclude>
    <ClInclude Include="DlgRoot.h">
      <Filter>头文件</Filter>
    </ClInclude>
    <ClInclude Include="DlgSaleEx.h">
      <Filter>头文件</Filter>
    </ClInclude>
    <ClInclude Include="DlgSamAct.h">
      <Filter>头文件</Filter>
    </ClInclude>
    <ClInclude Include="DlgSjtSale.h">
      <Filter>头文件</Filter>
    </ClInclude>
    <ClInclude Include="DlgTcm.h">
      <Filter>头文件</Filter>
    </ClInclude>
    <ClInclude Include="DlgTvm.h">
      <Filter>头文件</Filter>
    </ClInclude>
    <ClInclude Include="DlgUpd.h">
      <Filter>头文件</Filter>
    </ClInclude>
    <ClInclude Include="GSFile.h">
      <Filter>头文件</Filter>
    </ClInclude>
    <ClInclude Include="HexEdit.h">
      <Filter>头文件</Filter>
    </ClInclude>
    <ClInclude Include="MpSocket.h">
      <Filter>头文件</Filter>
    </ClInclude>
    <ClInclude Include="PubFuncs.h">
      <Filter>头文件</Filter>
    </ClInclude>
    <ClInclude Include="Resource.h">
      <Filter>头文件</Filter>
    </ClInclude>
    <ClInclude Include="Serial.h">
      <Filter>头文件</Filter>
    </ClInclude>
    <ClInclude Include="SockStruct.h">
      <Filter>头文件</Filter>
    </ClInclude>
    <ClInclude Include="stdafx.h">
      <Filter>头文件</Filter>
    </ClInclude>
    <ClInclude Include="Structs.h">
      <Filter>头文件</Filter>
    </ClInclude>
    <ClInclude Include="TradeFileConvert.h">
      <Filter>头文件</Filter>
    </ClInclude>
  </ItemGroup>
  <ItemGroup>
    <Image Include="res\ABOUT.bmp">
      <Filter>资源文件</Filter>
    </Image>
    <Image Include="res\AGM.bmp">
      <Filter>资源文件</Filter>
    </Image>
    <Image Include="res\BOM.bmp">
      <Filter>资源文件</Filter>
    </Image>
    <Image Include="res\coldtool.bmp">
      <Filter>资源文件</Filter>
    </Image>
    <Image Include="res\CSTester.ico">
      <Filter>资源文件</Filter>
    </Image>
    <Image Include="res\Free.bmp">
      <Filter>资源文件</Filter>
    </Image>
    <Image Include="res\FZone.bmp">
      <Filter>资源文件</Filter>
    </Image>
    <Image Include="res\hottoolb.bmp">
      <Filter>资源文件</Filter>
    </Image>
    <Image Include="res\Pay.bmp">
      <Filter>资源文件</Filter>
    </Image>
    <Image Include="res\PZone.bmp">
      <Filter>资源文件</Filter>
    </Image>
    <Image Include="res\SEP.bmp">
      <Filter>资源文件</Filter>
    </Image>
    <Image Include="res\TCM.bmp">
      <Filter>资源文件</Filter>
    </Image>
    <Image Include="res\toolbar.bmp">
      <Filter>资源文件</Filter>
    </Image>
    <Image Include="res\TVM.bmp">
      <Filter>资源文件</Filter>
    </Image>
    <Image Include="res\Zone.bmp">
      <Filter>资源文件</Filter>
    </Image>
  </ItemGroup>
  <ItemGroup>
    <ResourceCompile Include="CSTester.rc">
      <Filter>资源文件</Filter>
    </ResourceCompile>
  </ItemGroup>
  <ItemGroup>
    <None Include="res\CSTester.rc2">
      <Filter>资源文件</Filter>
    </None>
    <None Include="res\MFC2.AVI" />
  </ItemGroup>
  <ItemGroup>
    <Text Include="ReadMe.txt" />
  </ItemGroup>
</Project>